<?xml version="1.0" encoding="utf-8"?>
<Project ToolsVersion="4.0" xmlns="http://schemas.microsoft.com/developer/msbuild/2003">
  <ItemGroup>
    <ClCompile Include="Main.cpp" />
    <ClCompile Include="File.c" />
    <ClCompile Include="TestTabCtrl.cpp" />
  </ItemGroup>
  <ItemGroup>
    <ClInclude Include="File.h" />
    <ClInclude Include="Err.h" />
    <ClInclude Include="WindowUtil.h" />
    <ClInclude Include="TestTabCtrl.h" />
    <ClInclude Include="BaseUtil.h" />
    <ClInclude Include="WindowUtil.hpp" />
  </ItemGroup>
</Project>